
Microsoft Visual Studio Solution File, Format Version 12.00
# Visual Studio Version 17
VisualStudioVersion = 17.4.33403.182
MinimumVisualStudioVersion = 10.0.40219.1
Project("{2150E333-8FDC-42A3-9474-1A3956D46DE8}") = "src", "src", "{A03C1C56-E242-4628-B09F-4C3CC1223F83}"
EndProject
Project("{2150E333-8FDC-42A3-9474-1A3956D46DE8}") = "Application", "Application", "{A79E4784-AA34-45D2-A3A4-E46E8D58EE34}"
EndProject
Project("{2150E333-8FDC-42A3-9474-1A3956D46DE8}") = "Host", "Host", "{BBD19BE2-E5F0-42FA-B61D-98F15D663C64}"
EndProject
Project("{2150E333-8FDC-42A3-9474-1A3956D46DE8}") = "Domain", "Domain", "{BF00106C-F139-4D40-8CB4-653F03EE7A9C}"
EndProject
Project("{2150E333-8FDC-42A3-9474-1A3956D46DE8}") = "Contracts", "Contracts", "{2D8CE639-1826-4B8A-97FA-F88469D90EB1}"
EndProject
Project("{2150E333-8FDC-42A3-9474-1A3956D46DE8}") = "Infrastructure", "Infrastructure", "{17AF0136-F80C-4570-BAF5-13488B5AD9B7}"
EndProject
Project("{2150E333-8FDC-42A3-9474-1A3956D46DE8}") = "Common", "Common", "{194CD761-1577-4520-9708-0507584DDF91}"
EndProject
Project("{2150E333-8FDC-42A3-9474-1A3956D46DE8}") = "NewFolder1", "NewFolder1", "{CF473169-E1C8-4469-A224-4DD84FCD1DB9}"
EndProject
Project("{FAE04EC0-301F-11D3-BF4B-00C04F79EFBC}") = "eShopApplication.Host.Api", "src\Host\eShopApplication.Host.Api\eShopApplication.Host.Api.csproj", "{20ACDFA4-4525-4CD7-B2A6-D5F0F70DFF1E}"
EndProject
Project("{FAE04EC0-301F-11D3-BF4B-00C04F79EFBC}") = "eShopApplication.Contracts", "src\Contracts\eShopApplication.Contracts\eShopApplication.Contracts.csproj", "{571E2BBA-FA18-458C-8B19-6750AD13D1CD}"
EndProject
Project("{FAE04EC0-301F-11D3-BF4B-00C04F79EFBC}") = "eShopApplication.Domain", "src\Domain\eShopApplication.Domain\eShopApplication.Domain.csproj", "{09BF8976-BACF-4F3F-BB00-EA556D126938}"
EndProject
Project("{FAE04EC0-301F-11D3-BF4B-00C04F79EFBC}") = "eShopApplication.Infrastructure.DataAccess", "src\Infrastructure\eShopApplication.Infrastructure.DataAccess\eShopApplication.Infrastructure.DataAccess.csproj", "{90228854-ED64-4ACE-8C1F-A474C505A04E}"
EndProject
Project("{FAE04EC0-301F-11D3-BF4B-00C04F79EFBC}") = "eShopApplication.Infrastructure", "src\Infrastructure\eShopApplication.Infrastructure\eShopApplication.Infrastructure.csproj", "{714FC936-6DFC-4FDC-ABF3-07E9E502915F}"
EndProject
Project("{FAE04EC0-301F-11D3-BF4B-00C04F79EFBC}") = "eShopApplication.Application.AppData", "src\Application\eShopApplication.Application.AppData\eShopApplication.Application.AppData.csproj", "{2CB4DE37-7348-47F3-AD16-552ABFCC7CAA}"
EndProject
Global
	GlobalSection(SolutionConfigurationPlatforms) = preSolution
		Debug|Any CPU = Debug|Any CPU
		Release|Any CPU = Release|Any CPU
	EndGlobalSection
	GlobalSection(ProjectConfigurationPlatforms) = postSolution
		{20ACDFA4-4525-4CD7-B2A6-D5F0F70DFF1E}.Debug|Any CPU.ActiveCfg = Debug|Any CPU
		{20ACDFA4-4525-4CD7-B2A6-D5F0F70DFF1E}.Debug|Any CPU.Build.0 = Debug|Any CPU
		{20ACDFA4-4525-4CD7-B2A6-D5F0F70DFF1E}.Release|Any CPU.ActiveCfg = Release|Any CPU
		{20ACDFA4-4525-4CD7-B2A6-D5F0F70DFF1E}.Release|Any CPU.Build.0 = Release|Any CPU
		{571E2BBA-FA18-458C-8B19-6750AD13D1CD}.Debug|Any CPU.ActiveCfg = Debug|Any CPU
		{571E2BBA-FA18-458C-8B19-6750AD13D1CD}.Debug|Any CPU.Build.0 = Debug|Any CPU
		{571E2BBA-FA18-458C-8B19-6750AD13D1CD}.Release|Any CPU.ActiveCfg = Release|Any CPU
		{571E2BBA-FA18-458C-8B19-6750AD13D1CD}.Release|Any CPU.Build.0 = Release|Any CPU
		{09BF8976-BACF-4F3F-BB00-EA556D126938}.Debug|Any CPU.ActiveCfg = Debug|Any CPU
		{09BF8976-BACF-4F3F-BB00-EA556D126938}.Debug|Any CPU.Build.0 = Debug|Any CPU
		{09BF8976-BACF-4F3F-BB00-EA556D126938}.Release|Any CPU.ActiveCfg = Release|Any CPU
		{09BF8976-BACF-4F3F-BB00-EA556D126938}.Release|Any CPU.Build.0 = Release|Any CPU
		{90228854-ED64-4ACE-8C1F-A474C505A04E}.Debug|Any CPU.ActiveCfg = Debug|Any CPU
		{90228854-ED64-4ACE-8C1F-A474C505A04E}.Debug|Any CPU.Build.0 = Debug|Any CPU
		{90228854-ED64-4ACE-8C1F-A474C505A04E}.Release|Any CPU.ActiveCfg = Release|Any CPU
		{90228854-ED64-4ACE-8C1F-A474C505A04E}.Release|Any CPU.Build.0 = Release|Any CPU
		{714FC936-6DFC-4FDC-ABF3-07E9E502915F}.Debug|Any CPU.ActiveCfg = Debug|Any CPU
		{714FC936-6DFC-4FDC-ABF3-07E9E502915F}.Debug|Any CPU.Build.0 = Debug|Any CPU
		{714FC936-6DFC-4FDC-ABF3-07E9E502915F}.Release|Any CPU.ActiveCfg = Release|Any CPU
		{714FC936-6DFC-4FDC-ABF3-07E9E502915F}.Release|Any CPU.Build.0 = Release|Any CPU
		{2CB4DE37-7348-47F3-AD16-552ABFCC7CAA}.Debug|Any CPU.ActiveCfg = Debug|Any CPU
		{2CB4DE37-7348-47F3-AD16-552ABFCC7CAA}.Debug|Any CPU.Build.0 = Debug|Any CPU
		{2CB4DE37-7348-47F3-AD16-552ABFCC7CAA}.Release|Any CPU.ActiveCfg = Release|Any CPU
		{2CB4DE37-7348-47F3-AD16-552ABFCC7CAA}.Release|Any CPU.Build.0 = Release|Any CPU
	EndGlobalSection
	GlobalSection(SolutionProperties) = preSolution
		HideSolutionNode = FALSE
	EndGlobalSection
	GlobalSection(NestedProjects) = preSolution
		{A79E4784-AA34-45D2-A3A4-E46E8D58EE34} = {A03C1C56-E242-4628-B09F-4C3CC1223F83}
		{BBD19BE2-E5F0-42FA-B61D-98F15D663C64} = {A03C1C56-E242-4628-B09F-4C3CC1223F83}
		{BF00106C-F139-4D40-8CB4-653F03EE7A9C} = {A03C1C56-E242-4628-B09F-4C3CC1223F83}
		{2D8CE639-1826-4B8A-97FA-F88469D90EB1} = {A03C1C56-E242-4628-B09F-4C3CC1223F83}
		{17AF0136-F80C-4570-BAF5-13488B5AD9B7} = {A03C1C56-E242-4628-B09F-4C3CC1223F83}
		{194CD761-1577-4520-9708-0507584DDF91} = {A03C1C56-E242-4628-B09F-4C3CC1223F83}
		{20ACDFA4-4525-4CD7-B2A6-D5F0F70DFF1E} = {BBD19BE2-E5F0-42FA-B61D-98F15D663C64}
		{571E2BBA-FA18-458C-8B19-6750AD13D1CD} = {2D8CE639-1826-4B8A-97FA-F88469D90EB1}
		{09BF8976-BACF-4F3F-BB00-EA556D126938} = {BF00106C-F139-4D40-8CB4-653F03EE7A9C}
		{90228854-ED64-4ACE-8C1F-A474C505A04E} = {17AF0136-F80C-4570-BAF5-13488B5AD9B7}
		{714FC936-6DFC-4FDC-ABF3-07E9E502915F} = {17AF0136-F80C-4570-BAF5-13488B5AD9B7}
		{2CB4DE37-7348-47F3-AD16-552ABFCC7CAA} = {A79E4784-AA34-45D2-A3A4-E46E8D58EE34}
	EndGlobalSection
	GlobalSection(ExtensibilityGlobals) = postSolution
		SolutionGuid = {C7B6917B-A1F8-4DBB-9F15-CD139F378723}
	EndGlobalSection
EndGlobal
